// !$*UTF8*$!
{
	archiveVersion = 1;
	classes = {
	};
	objectVersion = 46;
	objects = {

/* Begin PBXBuildFile section */
		E8767F401EC05EA7004E801C /* main.m in Sources */ = {isa = PBXBuildFile; fileRef = E8767F3F1EC05EA7004E801C /* main.m */; };
		E8767F431EC05EA7004E801C /* AppDelegate.m in Sources */ = {isa = PBXBuildFile; fileRef = E8767F421EC05EA7004E801C /* AppDelegate.m */; };
		E8767F461EC05EA7004E801C /* ViewController.m in Sources */ = {isa = PBXBuildFile; fileRef = E8767F451EC05EA7004E801C /* ViewController.m */; };
		E8767F491EC05EA7004E801C /* Main.storyboard in Resources */ = {isa = PBXBuildFile; fileRef = E8767F471EC05EA7004E801C /* Main.storyboard */; };
		E8767F4B1EC05EA7004E801C /* Assets.xcassets in Resources */ = {isa = PBXBuildFile; fileRef = E8767F4A1EC05EA7004E801C /* Assets.xcassets */; };
		E8767F4E1EC05EA7004E801C /* LaunchScreen.storyboard in Resources */ = {isa = PBXBuildFile; fileRef = E8767F4C1EC05EA7004E801C /* LaunchScreen.storyboard */; };
		E8767F591EC05EA7004E801C /* thirdTests.m in Sources */ = {isa = PBXBuildFile; fileRef = E8767F581EC05EA7004E801C /* thirdTests.m */; };
		E8767F641EC05EA7004E801C /* thirdUITests.m in Sources */ = {isa = PBXBuildFile; fileRef = E8767F631EC05EA7004E801C /* thirdUITests.m */; };
/* End PBXBuildFile section */

/* Begin PBXContainerItemProxy section */
		E8767F551EC05EA7004E801C /* PBXContainerItemProxy */ = {
			isa = PBXContainerItemProxy;
			containerPortal = E8767F331EC05EA7004E801C /* Project object */;
			proxyType = 1;
			remoteGlobalIDString = E8767F3A1EC05EA7004E801C;
			remoteInfo = third;
		};
		E8767F601EC05EA7004E801C /* PBXContainerItemProxy */ = {
			isa = PBXContainerItemProxy;
			containerPortal = E8767F331EC05EA7004E801C /* Project object */;
			proxyType = 1;
			remoteGlobalIDString = E8767F3A1EC05EA7004E801C;
			remoteInfo = third;
		};
/* End PBXContainerItemProxy section */

/* Begin PBXFileReference section */
		E8767F3B1EC05EA7004E801C /* third.app */ = {isa = PBXFileReference; explicitFileType = wrapper.application; includeInIndex = 0; path = third.app; sourceTree = BUILT_PRODUCTS_DIR; };
		E8767F3F1EC05EA7004E801C /* main.m */ = {isa = PBXFileReference; lastKnownFileType = sourcecode.c.objc; path = main.m; sourceTree = "<group>"; };
		E8767F411EC05EA7004E801C /* AppDelegate.h */ = {isa = PBXFileReference; lastKnownFileType = sourcecode.c.h; path = AppDelegate.h; sourceTree = "<group>"; };
		E8767F421EC05EA7004E801C /* AppDelegate.m */ = {isa = PBXFileReference; lastKnownFileType = sourcecode.c.objc; path = AppDelegate.m; sourceTree = "<group>"; };
		E8767F441EC05EA7004E801C /* ViewController.h */ = {isa = PBXFileReference; lastKnownFileType = sourcecode.c.h; path = ViewController.h; sourceTree = "<group>"; };
		E8767F451EC05EA7004E801C /* ViewController.m */ = {isa = PBXFileReference; lastKnownFileType = sourcecode.c.objc; path = ViewController.m; sourceTree = "<group>"; };
		E8767F481EC05EA7004E801C /* Base */ = {isa = PBXFileReference; lastKnownFileType = file.storyboard; name = Base; path = Base.lproj/Main.storyboard; sourceTree = "<group>"; };
		E8767F4A1EC05EA7004E801C /* Assets.xcassets */ = {isa = PBXFileReference; lastKnownFileType = folder.assetcatalog; path = Assets.xcassets; sourceTree = "<group>"; };
		E8767F4D1EC05EA7004E801C /* Base */ = {isa = PBXFileReference; lastKnownFileType = file.storyboard; name = Base; path = Base.lproj/LaunchScreen.storyboard; sourceTree = "<group>"; };
		E8767F4F1EC05EA7004E801C /* Info.plist */ = {isa = PBXFileReference; lastKnownFileType = text.plist.xml; path = Info.plist; sourceTree = "<group>"; };
		E8767F541EC05EA7004E801C /* thirdTests.xctest */ = {isa = PBXFileReference; explicitFileType = wrapper.cfbundle; includeInIndex = 0; path = thirdTests.xctest; sourceTree = BUILT_PRODUCTS_DIR; };
		E8767F581EC05EA7004E801C /* thirdTests.m */ = {isa = PBXFileReference; lastKnownFileType = sourcecode.c.objc; path = thirdTests.m; sourceTree = "<group>"; };
		E8767F5A1EC05EA7004E801C /* Info.plist */ = {isa = PBXFileReference; lastKnownFileType = text.plist.xml; path = Info.plist; sourceTree = "<group>"; };
		E8767F5F1EC05EA7004E801C /* thirdUITests.xctest */ = {isa = PBXFileReference; explicitFileType = wrapper.cfbundle; includeInIndex = 0; path = thirdUITests.xctest; sourceTree = BUILT_PRODUCTS_DIR; };
		E8767F631EC05EA7004E801C /* thirdUITests.m */ = {isa = PBXFileReference; lastKnownFileType = sourcecode.c.objc; path = thirdUITests.m; sourceTree = "<group>"; };
		E8767F651EC05EA7004E801C /* Info.plist */ = {isa = PBXFileReference; lastKnownFileType = text.plist.xml; path = Info.plist; sourceTree = "<group>"; };
/* End PBXFileReference section */

/* Begin PBXFrameworksBuildPhase section */
		E8767F381EC05EA7004E801C /* Frameworks */ = {
			isa = PBXFrameworksBuildPhase;
			buildActionMask = 2147483647;
			files = (
			);
			runOnlyForDeploymentPostprocessing = 0;
		};
		E8767F511EC05EA7004E801C /* Frameworks */ = {
			isa = PBXFrameworksBuildPhase;
			buildActionMask = 2147483647;
			files = (
			);
			runOnlyForDeploymentPostprocessing = 0;
		};
		E8767F5C1EC05EA7004E801C /* Frameworks */ = {
			isa = PBXFrameworksBuildPhase;
			buildActionMask = 2147483647;
			files = (
			);
			runOnlyForDeploymentPostprocessing = 0;
		};
/* End PBXFrameworksBuildPhase section */

/* Begin PBXGroup section */
		E8767F321EC05EA7004E801C = {
			isa = PBXGroup;
			children = (
				E8767F3D1EC05EA7004E801C /* third */,
				E8767F571EC05EA7004E801C /* thirdTests */,
				E8767F621EC05EA7004E801C /* thirdUITests */,
				E8767F3C1EC05EA7004E801C /* Products */,
			);
			sourceTree = "<group>";
		};
		E8767F3C1EC05EA7004E801C /* Products */ = {
			isa = PBXGroup;
			children = (
				E8767F3B1EC05EA7004E801C /* third.app */,
				E8767F541EC05EA7004E801C /* thirdTests.xctest */,
				E8767F5F1EC05EA7004E801C /* thirdUITests.xctest */,
			);
			name = Products;
			sourceTree = "<group>";
		};
		E8767F3D1EC05EA7004E801C /* third */ = {
			isa = PBXGroup;
			children = (
				E8767F411EC05EA7004E801C /* AppDelegate.h */,
				E8767F421EC05EA7004E801C /* AppDelegate.m */,
				E8767F441EC05EA7004E801C /* ViewController.h */,
				E8767F451EC05EA7004E801C /* ViewController.m */,
				E8767F471EC05EA7004E801C /* Main.storyboard */,
				E8767F4A1EC05EA7004E801C /* Assets.xcassets */,
				E8767F4C1EC05EA7004E801C /* LaunchScreen.storyboard */,
				E8767F4F1EC05EA7004E801C /* Info.plist */,
				E8767F3E1EC05EA7004E801C /* Supporting Files */,
			);
			path = third;
			sourceTree = "<group>";
		};
		E8767F3E1EC05EA7004E801C /* Supporting Files */ = {
			isa = PBXGroup;
			children = (
				E8767F3F1EC05EA7004E801C /* main.m */,
			);
			name = "Supporting Files";
			sourceTree = "<group>";
		};
		E8767F571EC05EA7004E801C /* thirdTests */ = {
			isa = PBXGroup;
			children = (
				E8767F581EC05EA7004E801C /* thirdTests.m */,
				E8767F5A1EC05EA7004E801C /* Info.plist */,
			);
			path = thirdTests;
			sourceTree = "<group>";
		};
		E8767F621EC05EA7004E801C /* thirdUITests */ = {
			isa = PBXGroup;
			children = (
				E8767F631EC05EA7004E801C /* thirdUITests.m */,
				E8767F651EC05EA7004E801C /* Info.plist */,
			);
			path = thirdUITests;
			sourceTree = "<group>";
		};
/* End PBXGroup section */

/* Begin PBXNativeTarget section */
		E8767F3A1EC05EA7004E801C /* third */ = {
			isa = PBXNativeTarget;
			buildConfigurationList = E8767F681EC05EA7004E801C /* Build configuration list for PBXNativeTarget "third" */;
			buildPhases = (
				E8767F371EC05EA7004E801C /* Sources */,
				E8767F381EC05EA7004E801C /* Frameworks */,
				E8767F391EC05EA7004E801C /* Resources */,
			);
			buildRules = (
			);
			dependencies = (
			);
			name = third;
			productName = third;
			productReference = E8767F3B1EC05EA7004E801C /* third.app */;
			productType = "com.apple.product-type.application";
		};
		E8767F531EC05EA7004E801C /* thirdTests */ = {
			isa = PBXNativeTarget;
			buildConfigurationList = E8767F6B1EC05EA7004E801C /* Build configuration list for PBXNativeTarget "thirdTests" */;
			buildPhases = (
				E8767F501EC05EA7004E801C /* Sources */,
				E8767F511EC05EA7004E801C /* Frameworks */,
				E8767F521EC05EA7004E801C /* Resources */,
			);
			buildRules = (
			);
			dependencies = (
				E8767F561EC05EA7004E801C /* PBXTargetDependency */,
			);
			name = thirdTests;
			productName = thirdTests;
			productReference = E8767F541EC05EA7004E801C /* thirdTests.xctest */;
			productType = "com.apple.product-type.bundle.unit-test";
		};
		E8767F5E1EC05EA7004E801C /* thirdUITests */ = {
			isa = PBXNativeTarget;
			buildConfigurationList = E8767F6E1EC05EA7004E801C /* Build configuration list for PBXNativeTarget "thirdUITests" */;
			buildPhases = (
				E8767F5B1EC05EA7004E801C /* Sources */,
				E8767F5C1EC05EA7004E801C /* Frameworks */,
				E8767F5D1EC05EA7004E801C /* Resources */,
			);
			buildRules = (
			);
			dependencies = (
				E8767F611EC05EA7004E801C /* PBXTargetDependency */,
			);
			name = thirdUITests;
			productName = thirdUITests;
			productReference = E8767F5F1EC05EA7004E801C /* thirdUITests.xctest */;
			productType = "com.apple.product-type.bundle.ui-testing";
		};
/* End PBXNativeTarget section */

/* Begin PBXProject section */
		E8767F331EC05EA7004E801C /* Project object */ = {
			isa = PBXProject;
			attributes = {
				LastUpgradeCheck = 0800;
				ORGANIZATIONNAME = huiyu;
				TargetAttributes = {
					E8767F3A1EC05EA7004E801C = {
						CreatedOnToolsVersion = 8.0;
						ProvisioningStyle = Manual;
					};
					E8767F531EC05EA7004E801C = {
						CreatedOnToolsVersion = 8.0;
						DevelopmentTeam = CFK9592XDR;
						ProvisioningStyle = Automatic;
						TestTargetID = E8767F3A1EC05EA7004E801C;
					};
					E8767F5E1EC05EA7004E801C = {
						CreatedOnToolsVersion = 8.0;
						DevelopmentTeam = CFK9592XDR;
						ProvisioningStyle = Automatic;
						TestTargetID = E8767F3A1EC05EA7004E801C;
					};
				};
			};
			buildConfigurationList = E8767F361EC05EA7004E801C /* Build configuration list for PBXProject "third" */;
			compatibilityVersion = "Xcode 3.2";
			developmentRegion = English;
			hasScannedForEncodings = 0;
			knownRegions = (
				en,
				Base,
			);
			mainGroup = E8767F321EC05EA7004E801C;
			productRefGroup = E8767F3C1EC05EA7004E801C /* Products */;
			projectDirPath = "";
			projectRoot = "";
			targets = (
				E8767F3A1EC05EA7004E801C /* third */,
				E8767F531EC05EA7004E801C /* thirdTests */,
				E8767F5E1EC05EA7004E801C /* thirdUITests */,
			);
		};
/* End PBXProject section */

/* Begin PBXResourcesBuildPhase section */
		E8767F391EC05EA7004E801C /* Resources */ = {
			isa = PBXResourcesBuildPhase;
			buildActionMask = 2147483647;
			files = (
				E8767F4E1EC05EA7004E801C /* LaunchScreen.storyboard in Resources */,
				E8767F4B1EC05EA7004E801C /* Assets.xcassets in Resources */,
				E8767F491EC05EA7004E801C /* Main.storyboard in Resources */,
			);
			runOnlyForDeploymentPostprocessing = 0;
		};
		E8767F521EC05EA7004E801C /* Resources */ = {
			isa = PBXResourcesBuildPhase;
			buildActionMask = 2147483647;
			files = (
			);
			runOnlyForDeploymentPostprocessing = 0;
		};
		E8767F5D1EC05EA7004E801C /* Resources */ = {
			isa = PBXResourcesBuildPhase;
			buildActionMask = 2147483647;
			files = (
			);
			runOnlyForDeploymentPostprocessing = 0;
		};
/* End PBXResourcesBuildPhase section */

/* Begin PBXSourcesBuildPhase section */
		E8767F371EC05EA7004E801C /* Sources */ = {
			isa = PBXSourcesBuildPhase;
			buildActionMask = 2147483647;
			files = (
				E8767F461EC05EA7004E801C /* ViewController.m in Sources */,
				E8767F431EC05EA7004E801C /* AppDelegate.m in Sources */,
				E8767F401EC05EA7004E801C /* main.m in Sources */,
			);
			runOnlyForDeploymentPostprocessing = 0;
		};
		E8767F501EC05EA7004E801C /* Sources */ = {
			isa = PBXSourcesBuildPhase;
			buildActionMask = 2147483647;
			files = (
				E8767F591EC05EA7004E801C /* thirdTests.m in Sources */,
			);
			runOnlyForDeploymentPostprocessing = 0;
		};
		E8767F5B1EC05EA7004E801C /* Sources */ = {
			isa = PBXSourcesBuildPhase;
			buildActionMask = 2147483647;
			files = (
				E8767F641EC05EA7004E801C /* thirdUITests.m in Sources */,
			);
			runOnlyForDeploymentPostprocessing = 0;
		};
/* End PBXSourcesBuildPhase section */

/* Begin PBXTargetDependency section */
		E8767F561EC05EA7004E801C /* PBXTargetDependency */ = {
			isa = PBXTargetDependency;
			target = E8767F3A1EC05EA7004E801C /* third */;
			targetProxy = E8767F551EC05EA7004E801C /* PBXContainerItemProxy */;
		};
		E8767F611EC05EA7004E801C /* PBXTargetDependency */ = {
			isa = PBXTargetDependency;
			target = E8767F3A1EC05EA7004E801C /* third */;
			targetProxy = E8767F601EC05EA7004E801C /* PBXContainerItemProxy */;
		};
/* End PBXTargetDependency section */

/* Begin PBXVariantGroup section */
		E8767F471EC05EA7004E801C /* Main.storyboard */ = {
			isa = PBXVariantGroup;
			children = (
				E8767F481EC05EA7004E801C /* Base */,
			);
			name = Main.storyboard;
			sourceTree = "<group>";
		};
		E8767F4C1EC05EA7004E801C /* LaunchScreen.storyboard */ = {
			isa = PBXVariantGroup;
			children = (
				E8767F4D1EC05EA7004E801C /* Base */,
			);
			name = LaunchScreen.storyboard;
			sourceTree = "<group>";
		};
/* End PBXVariantGroup section */

/* Begin XCBuildConfiguration section */
		E8767F661EC05EA7004E801C /* Debug */ = {
			isa = XCBuildConfiguration;
			buildSettings = {
				ALWAYS_SEARCH_USER_PATHS = NO;
				CLANG_ANALYZER_NONNULL = YES;
				CLANG_CXX_LANGUAGE_STANDARD = "gnu++0x";
				CLANG_CXX_LIBRARY = "libc++";
				CLANG_ENABLE_MODULES = YES;
				CLANG_ENABLE_OBJC_ARC = YES;
				CLANG_WARN_BOOL_CONVERSION = YES;
				CLANG_WARN_CONSTANT_CONVERSION = YES;
				CLANG_WARN_DIRECT_OBJC_ISA_USAGE = YES_ERROR;
				CLANG_WARN_DOCUMENTATION_COMMENTS = YES;
				CLANG_WARN_EMPTY_BODY = YES;
				CLANG_WARN_ENUM_CONVERSION = YES;
				CLANG_WARN_INFINITE_RECURSION = YES;
				CLANG_WARN_INT_CONVERSION = YES;
				CLANG_WARN_OBJC_ROOT_CLASS = YES_ERROR;
				CLANG_WARN_SUSPICIOUS_MOVES = YES;
				CLANG_WARN_UNREACHABLE_CODE = YES;
				CLANG_WARN__DUPLICATE_METHOD_MATCH = YES;
				"CODE_SIGN_IDENTITY[sdk=iphoneos*]" = "iPhone Developer";
				COPY_PHASE_STRIP = NO;
				DEBUG_INFORMATION_FORMAT = dwarf;
				ENABLE_STRICT_OBJC_MSGSEND = YES;
				ENABLE_TESTABILITY = YES;
				GCC_C_LANGUAGE_STANDARD = gnu99;
				GCC_DYNAMIC_NO_PIC = NO;
				GCC_NO_COMMON_BLOCKS = YES;
				GCC_OPTIMIZATION_LEVEL = 0;
				GCC_PREPROCESSOR_DEFINITIONS = (
					"DEBUG=1",
					"$(inherited)",
				);
				GCC_WARN_64_TO_32_BIT_CONVERSION = YES;
				GCC_WARN_ABOUT_RETURN_TYPE = YES_ERROR;
				GCC_WARN_UNDECLARED_SELECTOR = YES;
				GCC_WARN_UNINITIALIZED_AUTOS = YES_AGGRESSIVE;
				GCC_WARN_UNUSED_FUNCTION = YES;
				GCC_WARN_UNUSED_VARIABLE = YES;
				IPHONEOS_DEPLOYMENT_TARGET = 10.0;
				MTL_ENABLE_DEBUG_INFO = YES;
				ONLY_ACTIVE_ARCH = YES;
				SDKROOT = iphoneos;
			};
			name = Debug;
		};
		E8767F671EC05EA7004E801C /* Release */ = {
			isa = XCBuildConfiguration;
			buildSettings = {
				ALWAYS_SEARCH_USER_PATHS = NO;
				CLANG_ANALYZER_NONNULL = YES;
				CLANG_CXX_LANGUAGE_STANDARD = "gnu++0x";
				CLANG_CXX_LIBRARY = "libc++";
				CLANG_ENABLE_MODULES = YES;
				CLANG_ENABLE_OBJC_ARC = YES;
				CLANG_WARN_BOOL_CONVERSION = YES;
				CLANG_WARN_CONSTANT_CONVERSION = YES;
				CLANG_WARN_DIRECT_OBJC_ISA_USAGE = YES_ERROR;
				CLANG_WARN_DOCUMENTATION_COMMENTS = YES;
				CLANG_WARN_EMPTY_BODY = YES;
				CLANG_WARN_ENUM_CONVERSION = YES;
				CLANG_WARN_INFINITE_RECURSION = YES;
				CLANG_WARN_INT_CONVERSION = YES;
				CLANG_WARN_OBJC_ROOT_CLASS = YES_ERROR;
				CLANG_WARN_SUSPICIOUS_MOVES = YES;
				CLANG_WARN_UNREACHABLE_CODE = YES;
				CLANG_WARN__DUPLICATE_METHOD_MATCH = YES;
				"CODE_SIGN_IDENTITY[sdk=iphoneos*]" = "iPhone Developer";
				COPY_PHASE_STRIP = NO;
				DEBUG_INFORMATION_FORMAT = "dwarf-with-dsym";
				ENABLE_NS_ASSERTIONS = NO;
				ENABLE_STRICT_OBJC_MSGSEND = YES;
				GCC_C_LANGUAGE_STANDARD = gnu99;
				GCC_NO_COMMON_BLOCKS = YES;
				GCC_WARN_64_TO_32_BIT_CONVERSION = YES;
				GCC_WARN_ABOUT_RETURN_TYPE = YES_ERROR;
				GCC_WARN_UNDECLARED_SELECTOR = YES;
				GCC_WARN_UNINITIALIZED_AUTOS = YES_AGGRESSIVE;
				GCC_WARN_UNUSED_FUNCTION = YES;
				GCC_WARN_UNUSED_VARIABLE = YES;
				IPHONEOS_DEPLOYMENT_TARGET = 10.0;
				MTL_ENABLE_DEBUG_INFO = NO;
				SDKROOT = iphoneos;
				VALIDATE_PRODUCT = YES;
			};
			name = Release;
		};
		E8767F691EC05EA7004E801C /* Debug */ = {
			isa = XCBuildConfiguration;
			buildSettings = {
				ASSETCATALOG_COMPILER_APPICON_NAME = AppIcon;
				DEVELOPMENT_TEAM = "";
				INFOPLIST_FILE = third/Info.plist;
				LD_RUNPATH_SEARCH_PATHS = "$(inherited) @executable_path/Frameworks";
				PRODUCT_BUNDLE_IDENTIFIER = www.huiyu.com.third;
				PRODUCT_NAME = "$(TARGET_NAME)";
			};
			name = Debug;
		};
		E8767F6A1EC05EA7004E801C /* Release */ = {
			isa = XCBuildConfiguration;
			buildSettings = {
				ASSETCATALOG_COMPILER_APPICON_NAME = AppIcon;
				DEVELOPMENT_TEAM = "";
				INFOPLIST_FILE = third/Info.plist;
				LD_RUNPATH_SEARCH_PATHS = "$(inherited) @executable_path/Frameworks";
				PRODUCT_BUNDLE_IDENTIFIER = www.huiyu.com.third;
				PRODUCT_NAME = "$(TARGET_NAME)";
			};
			name = Release;
		};
		E8767F6C1EC05EA7004E801C /* Debug */ = {
			isa = XCBuildConfiguration;
			buildSettings = {
				BUNDLE_LOADER = "$(TEST_HOST)";
				DEVELOPMENT_TEAM = CFK9592XDR;
				INFOPLIST_FILE = thirdTests/Info.plist;
				LD_RUNPATH_SEARCH_PATHS = "$(inherited) @executable_path/Frameworks @loader_path/Frameworks";
				PRODUCT_BUNDLE_IDENTIFIER = www.huiyu.com.thirdTests;
				PRODUCT_NAME = "$(TARGET_NAME)";
				TEST_HOST = "$(BUILT_PRODUCTS_DIR)/third.app/third";
			};
			name = Debug;
		};
		E8767F6D1EC05EA7004E801C /* Release */ = {
			isa = XCBuildConfiguration;
			buildSettings = {
				BUNDLE_LOADER = "$(TEST_HOST)";
				DEVELOPMENT_TEAM = CFK9592XDR;
				INFOPLIST_FILE = thirdTests/Info.plist;
				LD_RUNPATH_SEARCH_PATHS = "$(inherited) @executable_path/Frameworks @loader_path/Frameworks";
				PRODUCT_BUNDLE_IDENTIFIER = www.huiyu.com.thirdTests;
				PRODUCT_NAME = "$(TARGET_NAME)";
				TEST_HOST = "$(BUILT_PRODUCTS_DIR)/third.app/third";
			};
			name = Release;
		};
		E8767F6F1EC05EA7004E801C /* Debug */ = {
			isa = XCBuildConfiguration;
			buildSettings = {
				DEVELOPMENT_TEAM = CFK9592XDR;
				INFOPLIST_FILE = thirdUITests/Info.plist;
				LD_RUNPATH_SEARCH_PATHS = "$(inherited) @executable_path/Frameworks @loader_path/Frameworks";
				PRODUCT_BUNDLE_IDENTIFIER = www.huiyu.com.thirdUITests;
				PRODUCT_NAME = "$(TARGET_NAME)";
				TEST_TARGET_NAME = third;
			};
			name = Debug;
		};
		E8767F701EC05EA7004E801C /* Release */ = {
			isa = XCBuildConfiguration;
			buildSettings = {
				DEVELOPMENT_TEAM = CFK9592XDR;
				INFOPLIST_FILE = thirdUITests/Info.plist;
				LD_RUNPATH_SEARCH_PATHS = "$(inherited) @executable_path/Frameworks @loader_path/Frameworks";
				PRODUCT_BUNDLE_IDENTIFIER = www.huiyu.com.thirdUITests;
				PRODUCT_NAME = "$(TARGET_NAME)";
				TEST_TARGET_NAME = third;
			};
			name = Release;
		};
/* End XCBuildConfiguration section */

/* Begin XCConfigurationList section */
		E8767F361EC05EA7004E801C /* Build configuration list for PBXProject "third" */ = {
			isa = XCConfigurationList;
			buildConfigurations = (
				E8767F661EC05EA7004E801C /* Debug */,
				E8767F671EC05EA7004E801C /* Release */,
			);
			defaultConfigurationIsVisible = 0;
			defaultConfigurationName = Release;
		};
		E8767F681EC05EA7004E801C /* Build configuration list for PBXNativeTarget "third" */ = {
			isa = XCConfigurationList;
			buildConfigurations = (
				E8767F691EC05EA7004E801C /* Debug */,
				E8767F6A1EC05EA7004E801C /* Release */,
			);
			defaultConfigurationIsVisible = 0;
		};
		E8767F6B1EC05EA7004E801C /* Build configuration list for PBXNativeTarget "thirdTests" */ = {
			isa = XCConfigurationList;
			buildConfigurations = (
				E8767F6C1EC05EA7004E801C /* Debug */,
				E8767F6D1EC05EA7004E801C /* Release */,
			);
			defaultConfigurationIsVisible = 0;
		};
		E8767F6E1EC05EA7004E801C /* Build configuration list for PBXNativeTarget "thirdUITests" */ = {
			isa = XCConfigurationList;
			buildConfigurations = (
				E8767F6F1EC05EA7004E801C /* Debug */,
				E8767F701EC05EA7004E801C /* Release */,
			);
			defaultConfigurationIsVisible = 0;
		};
/* End XCConfigurationList section */
	};
	rootObject = E8767F331EC05EA7004E801C /* Project object */;
}
